{
  "nodes": {
    "flyline": {
      "inputs": {
        "nixpkgs": [
          "nixpkgs"
        ]
      },
      "locked": {
        "lastModified": 1786919157,
        "narHash": "sha256-+psf0oMHewZ/ajMAYFmdlNDH8zOU8KhKX9KTeS1OTi8=",
        "owner": "HalFrgrd",
        "repo": "flyline",
        "rev": "3e554bb43cae38ac0825275ab1163c32d5ab1847",
        "type": "github"
      },
      "original": {
        "owner": "HalFrgrd",
        "repo": "flyline",
        "type": "github"
      }
    },
    "nixpkgs": {
      "locked": {
        "lastModified": 1786943417,
        "narHash": "sha256-b4qgjdFtlz5TAZ1Hi7DFJeqX3sjaDUnrwr9OO+O1rM0=",
        "owner": "nixos",
        "repo": "nixpkgs",
        "rev": "0dd31db7e6dbf9ce05697c4545f6fe01accec994",
        "type": "github"
      },
      "original": {
        "owner": "nixos",
        "ref": "nixos-26.05",
        "repo": "nixpkgs",
        "type": "github"
      }
    },
    "root": {
      "inputs": {
        "flyline": "flyline",
        "nixpkgs": "nixpkgs"
      }
    }
  },
  "root": "root",
  "version": 7
}
